# THIS IS AN AUTOGENERATED FILE. DO NOT EDIT THIS FILE DIRECTLY.
# yarn lockfile v1


"@io-orkes/conductor-javascript@^2.1.0":
  version "2.1.0"
  resolved "https://registry.yarnpkg.com/@io-orkes/conductor-javascript/-/conductor-javascript-2.1.0.tgz#1dd61cf49fc537603b7d5213666ca38447305b82"
  integrity sha512-rwXO3I2xRstKo+WRb/kvj927RLsX9k0ERSTfF22V9xK/SsujFJm4XM+rkxvz15dTEOtpr2gVQdgLT1CE5GeyjA==

typescript@^5.4.5:
  version "5.4.5"
  resolved "https://registry.yarnpkg.com/typescript/-/typescript-5.4.5.tgz#42ccef2c571fdbd0f6718b1d1f5e6e5ef006f611"
  integrity sha512-vcI4UpRgg81oIRUFwR0WSIHKt11nJ7SAVlYNIu+QpqeyXP+gpQJy/Z4+F0aGxSE4MqwjyXvW/TzgkLAx2AGHwQ==
