# THIS IS AN AUTOGENERATED FILE. DO NOT EDIT THIS FILE DIRECTLY.
# yarn lockfile v1


"@io-orkes/conductor-javascript@^2.1.0":
  version "2.1.0"
  resolved "https://registry.yarnpkg.com/@io-orkes/conductor-javascript/-/conductor-javascript-2.1.0.tgz#1dd61cf49fc537603b7d5213666ca38447305b82"
  integrity sha512-rwXO3I2xRstKo+WRb/kvj927RLsX9k0ERSTfF22V9xK/SsujFJm4XM+rkxvz15dTEOtpr2gVQdgLT1CE5GeyjA==

ajv@^8.17.1:
  version "8.20.0"
  resolved "https://registry.yarnpkg.com/ajv/-/ajv-8.20.0.tgz#304b3636add88ba7d936760dd50ece006dea95f9"
  integrity sha512-Thbli+OlOj+iMPYFBVBfJ3OmCAnaSyNn4M1vz9T6Gka5Jt9ba/HIR56joy65tY6kx/FCF5VXNB819Y7/GUrBGA==
  dependencies:
    fast-deep-equal "^3.1.3"
    fast-uri "^3.0.1"
    json-schema-traverse "^1.0.0"
    require-from-string "^2.0.2"

fast-deep-equal@^3.1.3:
  version "3.1.3"
  resolved "https://registry.yarnpkg.com/fast-deep-equal/-/fast-deep-equal-3.1.3.tgz#3a7d56b559d6cbc3eb512325244e619a65c6c525"
  integrity sha512-f3qQ9oQy9j2AhBe/H9VC91wLmKBCCU/gDOnKNAYG5hswO7BLKj09Hc5HYNz9cGI++xlpDCIgDaitVs03ATR84Q==

fast-uri@^3.0.1:
  version "3.1.3"
  resolved "https://registry.yarnpkg.com/fast-uri/-/fast-uri-3.1.3.tgz#f695a40f006aba505631573a0021ddb21194ad11"
  integrity sha512-i70LwGWUduXqzicKXWshooq+sWL1K3WUU5rKZNG/0i3a1OSoX3HqhH5WbWwTmqWfor4urUakGPiRQcleRZTwOg==

json-schema-traverse@^1.0.0:
  version "1.0.0"
  resolved "https://registry.yarnpkg.com/json-schema-traverse/-/json-schema-traverse-1.0.0.tgz#ae7bcb3656ab77a73ba5c49bf654f38e6b6860e2"
  integrity sha512-NM8/P9n3XjXhIZn1lLhkFaACTOURQXjWhV4BA/RnOv8xvgqtqpAX9IO4mRQxSx1Rlo4tqzeqb0sOlruaOy3dug==

require-from-string@^2.0.2:
  version "2.0.2"
  resolved "https://registry.yarnpkg.com/require-from-string/-/require-from-string-2.0.2.tgz#89a7fdd938261267318eafe14f9c32e598c36909"
  integrity sha512-Xf0nWe6RseziFMu+Ap9biiUbmplq6S9/p+7w7YXP/JBHhrUDDUhwa+vANyubuqfZWTveU//DYVGsDG7RKL/vEw==

typescript@^5.4.5:
  version "5.4.5"
  resolved "https://registry.yarnpkg.com/typescript/-/typescript-5.4.5.tgz#42ccef2c571fdbd0f6718b1d1f5e6e5ef006f611"
  integrity sha512-vcI4UpRgg81oIRUFwR0WSIHKt11nJ7SAVlYNIu+QpqeyXP+gpQJy/Z4+F0aGxSE4MqwjyXvW/TzgkLAx2AGHwQ==

zod@4.1.9:
  version "4.1.9"
  resolved "https://registry.yarnpkg.com/zod/-/zod-4.1.9.tgz#c03a0ddb10f5578f13f8f70f1959f89fd09c1c06"
  integrity sha512-HI32jTq0AUAC125z30E8bQNz0RQ+9Uc+4J7V97gLYjZVKRjeydPgGt6dvQzFrav7MYOUGFqqOGiHpA/fdbd0cQ==
